{
  "name": "multi-agent-observatory",
  "version": "1.0.0",
  "lockfileVersion": 3,
  "requires": true,
  "packages": {
    "": {
      "name": "multi-agent-observatory",
      "version": "1.0.0",
      "license": "MIT",
      "engines": {
        "bun": ">=1.0.0",
        "node": ">=16.0.0"
      }
    }
  }
}
